
Microsoft Visual Studio Solution File, Format Version 12.00
# Visual Studio Version 17
VisualStudioVersion = 17.10.35122.118
MinimumVisualStudioVersion = 10.0.40219.1
Project("{9A19103F-16F7-4668-BE54-9A1E7A4F7556}") = "Users.API", "Users.API\Users.API.csproj", "{7D286850-8364-4342-AC3F-689DD0D82ECA}"
EndProject
Project("{FAE04EC0-301F-11D3-BF4B-00C04F79EFBC}") = "Users.API.Tests", "Users.API.Tests\Users.API.Tests.csproj", "{B9A5555D-B3B8-450E-A0E3-809438D0534D}"
EndProject
Global
	GlobalSection(SolutionConfigurationPlatforms) = preSolution
		Debug|Any CPU = Debug|Any CPU
		Release|Any CPU = Release|Any CPU
	EndGlobalSection
	GlobalSection(ProjectConfigurationPlatforms) = postSolution
		{7D286850-8364-4342-AC3F-689DD0D82ECA}.Debug|Any CPU.ActiveCfg = Debug|Any CPU
		{7D286850-8364-4342-AC3F-689DD0D82ECA}.Debug|Any CPU.Build.0 = Debug|Any CPU
		{7D286850-8364-4342-AC3F-689DD0D82ECA}.Release|Any CPU.ActiveCfg = Release|Any CPU
		{7D286850-8364-4342-AC3F-689DD0D82ECA}.Release|Any CPU.Build.0 = Release|Any CPU
		{B9A5555D-B3B8-450E-A0E3-809438D0534D}.Debug|Any CPU.ActiveCfg = Debug|Any CPU
		{B9A5555D-B3B8-450E-A0E3-809438D0534D}.Debug|Any CPU.Build.0 = Debug|Any CPU
		{B9A5555D-B3B8-450E-A0E3-809438D0534D}.Release|Any CPU.ActiveCfg = Release|Any CPU
		{B9A5555D-B3B8-450E-A0E3-809438D0534D}.Release|Any CPU.Build.0 = Release|Any CPU
	EndGlobalSection
	GlobalSection(SolutionProperties) = preSolution
		HideSolutionNode = FALSE
	EndGlobalSection
	GlobalSection(ExtensibilityGlobals) = postSolution
		SolutionGuid = {3BC5AB07-63E6-4150-A1CF-F45AB378DE51}
	EndGlobalSection
EndGlobal
